
Microsoft Visual Studio Solution File, Format Version 12.00
# Visual Studio Version 17
VisualStudioVersion = 17.0.31903.59
MinimumVisualStudioVersion = 10.0.40219.1
Project("{2150E333-8FDC-42A3-9474-1A3956D46DE8}") = "src", "src", "{D250F7B9-A69B-48F5-819A-34633A458D8B}"
EndProject
Project("{2150E333-8FDC-42A3-9474-1A3956D46DE8}") = "tst", "tst", "{498D754A-F001-4535-80C1-0F4C070E70EE}"
EndProject
Project("{2150E333-8FDC-42A3-9474-1A3956D46DE8}") = "doc", "doc", "{418F92DD-DD07-426F-9355-57B7910CEC30}"
EndProject
Project("{FAE04EC0-301F-11D3-BF4B-00C04F79EFBC}") = "StigsUtils.AuditLog.SqlServer.Tests", "tst\StigsUtils.AuditLog.SqlServer.Tests\StigsUtils.AuditLog.SqlServer.Tests.csproj", "{3C49B8BB-BE07-408D-9383-8D60840EA982}"
EndProject
Project("{FAE04EC0-301F-11D3-BF4B-00C04F79EFBC}") = "StigsUtils.ActivityLog", "src\StigsUtils.ActivityLog\StigsUtils.ActivityLog.csproj", "{E9556EE0-338A-4429-A598-12C8E8B20E08}"
EndProject
Project("{FAE04EC0-301F-11D3-BF4B-00C04F79EFBC}") = "StigsUtils", "src\StigsUtils\StigsUtils.csproj", "{3C3B229B-B2D5-4DFF-8C50-54C7E299B257}"
EndProject
Project("{FAE04EC0-301F-11D3-BF4B-00C04F79EFBC}") = "StigsUtils.Tests", "tst\StigsUtils.Tests\StigsUtils.Tests.csproj", "{8747E1E3-8DAF-4151-86E4-70DBB1C83280}"
EndProject
Project("{FAE04EC0-301F-11D3-BF4B-00C04F79EFBC}") = "StigUtils.CliTestRunner", "tst\StigUtils.CliTestRunner\StigUtils.CliTestRunner.csproj", "{9C593142-C6F7-46AB-8B71-838472824BBA}"
EndProject
Project("{FAE04EC0-301F-11D3-BF4B-00C04F79EFBC}") = "StigUtils.TestUtils", "tst\StigUtils.TestUtils\StigUtils.TestUtils.csproj", "{5E7CEC0D-FBDC-4B47-92F7-EAFD0474B7BC}"
EndProject
Project("{FAE04EC0-301F-11D3-BF4B-00C04F79EFBC}") = "StigsUtils.SqlServer", "src\StigsUtils.SqlServer\StigsUtils.SqlServer.csproj", "{76834E30-3CEF-4228-9618-B1051FCEEBBD}"
EndProject
Project("{FAE04EC0-301F-11D3-BF4B-00C04F79EFBC}") = "StigsUtils.SqlServer.Tests", "tst\StigsUtils.SqlServer.Tests\StigsUtils.SqlServer.Tests.csproj", "{178BE083-1475-49F9-984F-8E3AF0B3E21E}"
EndProject
Project("{FAE04EC0-301F-11D3-BF4B-00C04F79EFBC}") = "StigsUtils.TestApi", "tst\StigsUtils.TestApi\StigsUtils.TestApi.csproj", "{4A1A0607-F624-45A0-860E-C28CAC561F80}"
EndProject
Project("{FAE04EC0-301F-11D3-BF4B-00C04F79EFBC}") = "StigsUtils.AspNetCore", "src\StigsUtils.AspNetCore\StigsUtils.AspNetCore.csproj", "{3AC7B09E-4369-4D42-B657-1C05252ADFBC}"
EndProject
Global
	GlobalSection(SolutionConfigurationPlatforms) = preSolution
		Debug|Any CPU = Debug|Any CPU
		Release|Any CPU = Release|Any CPU
	EndGlobalSection
	GlobalSection(SolutionProperties) = preSolution
		HideSolutionNode = FALSE
	EndGlobalSection
	GlobalSection(ProjectConfigurationPlatforms) = postSolution
		{3C49B8BB-BE07-408D-9383-8D60840EA982}.Debug|Any CPU.ActiveCfg = Debug|Any CPU
		{3C49B8BB-BE07-408D-9383-8D60840EA982}.Debug|Any CPU.Build.0 = Debug|Any CPU
		{3C49B8BB-BE07-408D-9383-8D60840EA982}.Release|Any CPU.ActiveCfg = Release|Any CPU
		{3C49B8BB-BE07-408D-9383-8D60840EA982}.Release|Any CPU.Build.0 = Release|Any CPU
		{E9556EE0-338A-4429-A598-12C8E8B20E08}.Debug|Any CPU.ActiveCfg = Debug|Any CPU
		{E9556EE0-338A-4429-A598-12C8E8B20E08}.Debug|Any CPU.Build.0 = Debug|Any CPU
		{E9556EE0-338A-4429-A598-12C8E8B20E08}.Release|Any CPU.ActiveCfg = Release|Any CPU
		{E9556EE0-338A-4429-A598-12C8E8B20E08}.Release|Any CPU.Build.0 = Release|Any CPU
		{3C3B229B-B2D5-4DFF-8C50-54C7E299B257}.Debug|Any CPU.ActiveCfg = Debug|Any CPU
		{3C3B229B-B2D5-4DFF-8C50-54C7E299B257}.Debug|Any CPU.Build.0 = Debug|Any CPU
		{3C3B229B-B2D5-4DFF-8C50-54C7E299B257}.Release|Any CPU.ActiveCfg = Release|Any CPU
		{3C3B229B-B2D5-4DFF-8C50-54C7E299B257}.Release|Any CPU.Build.0 = Release|Any CPU
		{8747E1E3-8DAF-4151-86E4-70DBB1C83280}.Debug|Any CPU.ActiveCfg = Debug|Any CPU
		{8747E1E3-8DAF-4151-86E4-70DBB1C83280}.Debug|Any CPU.Build.0 = Debug|Any CPU
		{8747E1E3-8DAF-4151-86E4-70DBB1C83280}.Release|Any CPU.ActiveCfg = Release|Any CPU
		{8747E1E3-8DAF-4151-86E4-70DBB1C83280}.Release|Any CPU.Build.0 = Release|Any CPU
		{9C593142-C6F7-46AB-8B71-838472824BBA}.Debug|Any CPU.ActiveCfg = Debug|Any CPU
		{9C593142-C6F7-46AB-8B71-838472824BBA}.Debug|Any CPU.Build.0 = Debug|Any CPU
		{9C593142-C6F7-46AB-8B71-838472824BBA}.Release|Any CPU.ActiveCfg = Release|Any CPU
		{9C593142-C6F7-46AB-8B71-838472824BBA}.Release|Any CPU.Build.0 = Release|Any CPU
		{5E7CEC0D-FBDC-4B47-92F7-EAFD0474B7BC}.Debug|Any CPU.ActiveCfg = Debug|Any CPU
		{5E7CEC0D-FBDC-4B47-92F7-EAFD0474B7BC}.Debug|Any CPU.Build.0 = Debug|Any CPU
		{5E7CEC0D-FBDC-4B47-92F7-EAFD0474B7BC}.Release|Any CPU.ActiveCfg = Release|Any CPU
		{5E7CEC0D-FBDC-4B47-92F7-EAFD0474B7BC}.Release|Any CPU.Build.0 = Release|Any CPU
		{76834E30-3CEF-4228-9618-B1051FCEEBBD}.Debug|Any CPU.ActiveCfg = Debug|Any CPU
		{76834E30-3CEF-4228-9618-B1051FCEEBBD}.Debug|Any CPU.Build.0 = Debug|Any CPU
		{76834E30-3CEF-4228-9618-B1051FCEEBBD}.Release|Any CPU.ActiveCfg = Release|Any CPU
		{76834E30-3CEF-4228-9618-B1051FCEEBBD}.Release|Any CPU.Build.0 = Release|Any CPU
		{178BE083-1475-49F9-984F-8E3AF0B3E21E}.Debug|Any CPU.ActiveCfg = Debug|Any CPU
		{178BE083-1475-49F9-984F-8E3AF0B3E21E}.Debug|Any CPU.Build.0 = Debug|Any CPU
		{178BE083-1475-49F9-984F-8E3AF0B3E21E}.Release|Any CPU.ActiveCfg = Release|Any CPU
		{178BE083-1475-49F9-984F-8E3AF0B3E21E}.Release|Any CPU.Build.0 = Release|Any CPU
		{4A1A0607-F624-45A0-860E-C28CAC561F80}.Debug|Any CPU.ActiveCfg = Debug|Any CPU
		{4A1A0607-F624-45A0-860E-C28CAC561F80}.Debug|Any CPU.Build.0 = Debug|Any CPU
		{4A1A0607-F624-45A0-860E-C28CAC561F80}.Release|Any CPU.ActiveCfg = Release|Any CPU
		{4A1A0607-F624-45A0-860E-C28CAC561F80}.Release|Any CPU.Build.0 = Release|Any CPU
		{3AC7B09E-4369-4D42-B657-1C05252ADFBC}.Debug|Any CPU.ActiveCfg = Debug|Any CPU
		{3AC7B09E-4369-4D42-B657-1C05252ADFBC}.Debug|Any CPU.Build.0 = Debug|Any CPU
		{3AC7B09E-4369-4D42-B657-1C05252ADFBC}.Release|Any CPU.ActiveCfg = Release|Any CPU
		{3AC7B09E-4369-4D42-B657-1C05252ADFBC}.Release|Any CPU.Build.0 = Release|Any CPU
	EndGlobalSection
	GlobalSection(NestedProjects) = preSolution
		{3C49B8BB-BE07-408D-9383-8D60840EA982} = {498D754A-F001-4535-80C1-0F4C070E70EE}
		{E9556EE0-338A-4429-A598-12C8E8B20E08} = {D250F7B9-A69B-48F5-819A-34633A458D8B}
		{3C3B229B-B2D5-4DFF-8C50-54C7E299B257} = {D250F7B9-A69B-48F5-819A-34633A458D8B}
		{8747E1E3-8DAF-4151-86E4-70DBB1C83280} = {498D754A-F001-4535-80C1-0F4C070E70EE}
		{9C593142-C6F7-46AB-8B71-838472824BBA} = {498D754A-F001-4535-80C1-0F4C070E70EE}
		{5E7CEC0D-FBDC-4B47-92F7-EAFD0474B7BC} = {498D754A-F001-4535-80C1-0F4C070E70EE}
		{76834E30-3CEF-4228-9618-B1051FCEEBBD} = {D250F7B9-A69B-48F5-819A-34633A458D8B}
		{178BE083-1475-49F9-984F-8E3AF0B3E21E} = {498D754A-F001-4535-80C1-0F4C070E70EE}
		{4A1A0607-F624-45A0-860E-C28CAC561F80} = {498D754A-F001-4535-80C1-0F4C070E70EE}
		{3AC7B09E-4369-4D42-B657-1C05252ADFBC} = {D250F7B9-A69B-48F5-819A-34633A458D8B}
	EndGlobalSection
EndGlobal
